
Microsoft Visual Studio Solution File, Format Version 12.00
# Visual Studio 15
VisualStudioVersion = 15.0.27703.2026
MinimumVisualStudioVersion = 10.0.40219.1
Project("{8BC9CEB8-8B4A-11D0-8D11-00A0C91BC942}") = "Joe-Classes-Ex1", "Joe-Classes-Ex1\Joe-Classes-Ex1.vcxproj", "{F3DC5D99-9575-4719-B04F-87290ECFB3DB}"
EndProject
Global
	GlobalSection(SolutionConfigurationPlatforms) = preSolution
		Debug|x64 = Debug|x64
		Debug|x86 = Debug|x86
		Release|x64 = Release|x64
		Release|x86 = Release|x86
	EndGlobalSection
	GlobalSection(ProjectConfigurationPlatforms) = postSolution
		{F3DC5D99-9575-4719-B04F-87290ECFB3DB}.Debug|x64.ActiveCfg = Debug|x64
		{F3DC5D99-9575-4719-B04F-87290ECFB3DB}.Debug|x64.Build.0 = Debug|x64
		{F3DC5D99-9575-4719-B04F-87290ECFB3DB}.Debug|x86.ActiveCfg = Debug|Win32
		{F3DC5D99-9575-4719-B04F-87290ECFB3DB}.Debug|x86.Build.0 = Debug|Win32
		{F3DC5D99-9575-4719-B04F-87290ECFB3DB}.Release|x64.ActiveCfg = Release|x64
		{F3DC5D99-9575-4719-B04F-87290ECFB3DB}.Release|x64.Build.0 = Release|x64
		{F3DC5D99-9575-4719-B04F-87290ECFB3DB}.Release|x86.ActiveCfg = Release|Win32
		{F3DC5D99-9575-4719-B04F-87290ECFB3DB}.Release|x86.Build.0 = Release|Win32
	EndGlobalSection
	GlobalSection(SolutionProperties) = preSolution
		HideSolutionNode = FALSE
	EndGlobalSection
	GlobalSection(ExtensibilityGlobals) = postSolution
		SolutionGuid = {32F2F7CC-883B-4680-94D6-D5B82A29AEFB}
	EndGlobalSection
EndGlobal
