
Microsoft Visual Studio Solution File, Format Version 12.00
# Visual Studio 15
VisualStudioVersion = 15.0.27703.2026
MinimumVisualStudioVersion = 10.0.40219.1
Project("{8BC9CEB8-8B4A-11D0-8D11-00A0C91BC942}") = "Joe Pointers Ex1", "Joe Pointers Ex1\Joe Pointers Ex1.vcxproj", "{963D8091-339D-4016-A8F3-D18647630710}"
EndProject
Global
	GlobalSection(SolutionConfigurationPlatforms) = preSolution
		Debug|x64 = Debug|x64
		Debug|x86 = Debug|x86
		Release|x64 = Release|x64
		Release|x86 = Release|x86
	EndGlobalSection
	GlobalSection(ProjectConfigurationPlatforms) = postSolution
		{963D8091-339D-4016-A8F3-D18647630710}.Debug|x64.ActiveCfg = Debug|x64
		{963D8091-339D-4016-A8F3-D18647630710}.Debug|x64.Build.0 = Debug|x64
		{963D8091-339D-4016-A8F3-D18647630710}.Debug|x86.ActiveCfg = Debug|Win32
		{963D8091-339D-4016-A8F3-D18647630710}.Debug|x86.Build.0 = Debug|Win32
		{963D8091-339D-4016-A8F3-D18647630710}.Release|x64.ActiveCfg = Release|x64
		{963D8091-339D-4016-A8F3-D18647630710}.Release|x64.Build.0 = Release|x64
		{963D8091-339D-4016-A8F3-D18647630710}.Release|x86.ActiveCfg = Release|Win32
		{963D8091-339D-4016-A8F3-D18647630710}.Release|x86.Build.0 = Release|Win32
	EndGlobalSection
	GlobalSection(SolutionProperties) = preSolution
		HideSolutionNode = FALSE
	EndGlobalSection
	GlobalSection(ExtensibilityGlobals) = postSolution
		SolutionGuid = {83494897-FF17-4502-877B-FD3FD9D8376B}
	EndGlobalSection
EndGlobal
